
Microsoft Visual Studio Solution File, Format Version 12.00
# Visual Studio Version 16
VisualStudioVersion = 16.0.30104.148
MinimumVisualStudioVersion = 10.0.40219.1
Project("{FAE04EC0-301F-11D3-BF4B-00C04F79EFBC}") = "wotw.servicedesk", "wotw.servicedesk\wotw.servicedesk.csproj", "{0BDF9EBB-50E1-4095-B720-E67EA571BA4E}"
EndProject
Global
	GlobalSection(SolutionConfigurationPlatforms) = preSolution
		Debug|Any CPU = Debug|Any CPU
		Release|Any CPU = Release|Any CPU
	EndGlobalSection
	GlobalSection(ProjectConfigurationPlatforms) = postSolution
		{0BDF9EBB-50E1-4095-B720-E67EA571BA4E}.Debug|Any CPU.ActiveCfg = Debug|Any CPU
		{0BDF9EBB-50E1-4095-B720-E67EA571BA4E}.Debug|Any CPU.Build.0 = Debug|Any CPU
		{0BDF9EBB-50E1-4095-B720-E67EA571BA4E}.Release|Any CPU.ActiveCfg = Release|Any CPU
		{0BDF9EBB-50E1-4095-B720-E67EA571BA4E}.Release|Any CPU.Build.0 = Release|Any CPU
	EndGlobalSection
	GlobalSection(SolutionProperties) = preSolution
		HideSolutionNode = FALSE
	EndGlobalSection
	GlobalSection(ExtensibilityGlobals) = postSolution
		SolutionGuid = {554FF4CD-03FC-4C45-8647-9F8C6D9EF963}
	EndGlobalSection
EndGlobal
